<?xml version="1.0" encoding="utf-8"?>
<Project ToolsVersion="4.0" xmlns="http://schemas.microsoft.com/developer/msbuild/2003">
  <ItemGroup>
    <ClCompile Include="minigame.cpp" />
    <ClCompile Include="Sutda.cpp">
      <Filter>Sutda</Filter>
    </ClCompile>
    <ClCompile Include="BlackJack.cpp">
      <Filter>BlackJack</Filter>
    </ClCompile>
    <ClCompile Include="Student_Mng.cpp">
      <Filter>Student</Filter>
    </ClCompile>
    <ClCompile Include="Rsp.cpp">
      <Filter>RCP</Filter>
    </ClCompile>
  </ItemGroup>
  <ItemGroup>
    <Filter Include="BlackJack">
      <UniqueIdentifier>{b2e5d439-0267-4367-9f94-0a3e36da117e}</UniqueIdentifier>
    </Filter>
    <Filter Include="Sutda">
      <UniqueIdentifier>{96d51382-a672-4ca5-8b86-fc1d28124e93}</UniqueIdentifier>
    </Filter>
    <Filter Include="RCP">
      <UniqueIdentifier>{13f8e11f-9b9f-4ba9-9654-bbd9c9f58c52}</UniqueIdentifier>
    </Filter>
    <Filter Include="Student">
      <UniqueIdentifier>{937db258-c8c2-44e3-85d2-17f7e37e9cd1}</UniqueIdentifier>
    </Filter>
  </ItemGroup>
  <ItemGroup>
    <ClInclude Include="Sutda.h">
      <Filter>Sutda</Filter>
    </ClInclude>
    <ClInclude Include="BlackJack.h">
      <Filter>BlackJack</Filter>
    </ClInclude>
    <ClInclude Include="Student_Mng.h">
      <Filter>Student</Filter>
    </ClInclude>
    <ClInclude Include="Rsp.h">
      <Filter>RCP</Filter>
    </ClInclude>
  </ItemGroup>
</Project>